<?xml version="1.0" encoding="utf-8"?>
<Project ToolsVersion="4.0" xmlns="http://schemas.microsoft.com/developer/msbuild/2003">
  <ItemGroup>
    <Filter Include="src">
      <UniqueIdentifier>{4FC737F1-C7A5-4376-A066-2A32D752A2FF}</UniqueIdentifier>
      <Extensions>cpp;c;cc;cxx;def;odl;idl;hpj;bat;asm;asmx</Extensions>
    </Filter>
    <Filter Include="src\main">
      <UniqueIdentifier>{f062b1e1-0b94-4a99-a1aa-8126c77c6113}</UniqueIdentifier>
    </Filter>
    <Filter Include="src\depends">
      <UniqueIdentifier>{93995380-89BD-4b04-88EB-625FBE52EBFB}</UniqueIdentifier>
      <Extensions>h;hh;hpp;hxx;hm;inl;inc;xsd</Extensions>
    </Filter>
    <Filter Include="src\depends\resources">
      <UniqueIdentifier>{67DA6AB6-F800-4c08-8B7A-83BB121AAD01}</UniqueIdentifier>
      <Extensions>rc;ico;cur;bmp;dlg;rc2;rct;bin;rgs;gif;jpg;jpeg;jpe;resx;tiff;tif;png;wav;mfcribbon-ms</Extensions>
    </Filter>
  </ItemGroup>
  <ItemGroup>
    <ClInclude Include="src\inc\stdafx.h">
      <Filter>src\depends</Filter>
    </ClInclude>
    <ClInclude Include="src\inc\targetver.h">
      <Filter>src\depends</Filter>
    </ClInclude>
    <ClInclude Include="src\Trie.h">
      <Filter>src\main</Filter>
    </ClInclude>
    <ClInclude Include="src\TrieNode.h">
      <Filter>src\main</Filter>
    </ClInclude>
    <ClInclude Include="src\inc\TrieConsts.h">
      <Filter>src\depends</Filter>
    </ClInclude>
  </ItemGroup>
  <ItemGroup>
    <ClCompile Include="src\team-concepts.cpp">
      <Filter>src\main</Filter>
    </ClCompile>
    <ClCompile Include="src\stdafx.cpp">
      <Filter>src\depends</Filter>
    </ClCompile>
    <ClCompile Include="src\Trie.cpp">
      <Filter>src\main</Filter>
    </ClCompile>
    <ClCompile Include="src\TrieNode.cpp">
      <Filter>src\main</Filter>
    </ClCompile>
  </ItemGroup>
</Project>